
Microsoft Visual Studio Solution File, Format Version 12.00
# Visual Studio Version 16
VisualStudioVersion = 16.0.32602.291
MinimumVisualStudioVersion = 10.0.40219.1
Project("{FAE04EC0-301F-11D3-BF4B-00C04F79EFBC}") = "PassaParola", "PassaParola\PassaParola.csproj", "{DAFD312C-2A5B-4CBB-8C43-389A29C79453}"
EndProject
Global
	GlobalSection(SolutionConfigurationPlatforms) = preSolution
		Debug|Any CPU = Debug|Any CPU
		Release|Any CPU = Release|Any CPU
	EndGlobalSection
	GlobalSection(ProjectConfigurationPlatforms) = postSolution
		{DAFD312C-2A5B-4CBB-8C43-389A29C79453}.Debug|Any CPU.ActiveCfg = Debug|Any CPU
		{DAFD312C-2A5B-4CBB-8C43-389A29C79453}.Debug|Any CPU.Build.0 = Debug|Any CPU
		{DAFD312C-2A5B-4CBB-8C43-389A29C79453}.Release|Any CPU.ActiveCfg = Release|Any CPU
		{DAFD312C-2A5B-4CBB-8C43-389A29C79453}.Release|Any CPU.Build.0 = Release|Any CPU
	EndGlobalSection
	GlobalSection(SolutionProperties) = preSolution
		HideSolutionNode = FALSE
	EndGlobalSection
	GlobalSection(ExtensibilityGlobals) = postSolution
		SolutionGuid = {61CEBDA5-F27D-4BCC-8D62-380671A60F51}
	EndGlobalSection
EndGlobal
